
Microsoft Visual Studio Solution File, Format Version 12.00
# Visual Studio Version 17
VisualStudioVersion = 17.3.32901.215
MinimumVisualStudioVersion = 10.0.40219.1
Project("{FAE04EC0-301F-11D3-BF4B-00C04F79EFBC}") = "Practicas", "Practicas\Practicas.csproj", "{E6747C51-9B05-4CCD-858F-DD9FE151CFF7}"
EndProject
Global
	GlobalSection(SolutionConfigurationPlatforms) = preSolution
		Debug|Any CPU = Debug|Any CPU
		Release|Any CPU = Release|Any CPU
	EndGlobalSection
	GlobalSection(ProjectConfigurationPlatforms) = postSolution
		{E6747C51-9B05-4CCD-858F-DD9FE151CFF7}.Debug|Any CPU.ActiveCfg = Debug|Any CPU
		{E6747C51-9B05-4CCD-858F-DD9FE151CFF7}.Debug|Any CPU.Build.0 = Debug|Any CPU
		{E6747C51-9B05-4CCD-858F-DD9FE151CFF7}.Release|Any CPU.ActiveCfg = Release|Any CPU
		{E6747C51-9B05-4CCD-858F-DD9FE151CFF7}.Release|Any CPU.Build.0 = Release|Any CPU
	EndGlobalSection
	GlobalSection(SolutionProperties) = preSolution
		HideSolutionNode = FALSE
	EndGlobalSection
	GlobalSection(ExtensibilityGlobals) = postSolution
		SolutionGuid = {C53BF63F-9F3E-49BC-871B-B70FF0F186B4}
	EndGlobalSection
EndGlobal
